
Microsoft Visual Studio Solution File, Format Version 12.00
# Visual Studio Version 17
VisualStudioVersion = 17.3.32922.545
MinimumVisualStudioVersion = 10.0.40219.1
Project("{9A19103F-16F7-4668-BE54-9A1E7A4F7556}") = "SOAP", "SOAP\SOAP.csproj", "{BEA7024C-523D-4614-9B72-A35F3FBD4B0A}"
EndProject
Project("{9A19103F-16F7-4668-BE54-9A1E7A4F7556}") = "HTTPClient", "HTTPClient\HTTPClient.csproj", "{477D2E48-9FFC-4D37-95FB-98953BE7E3EA}"
EndProject
Project("{FAE04EC0-301F-11D3-BF4B-00C04F79EFBC}") = "RestSharpProject", "RestSharpProject\RestSharpProject.csproj", "{C6EA1C47-FCFD-4D17-ADFC-7D58F12E6812}"
EndProject
Global
	GlobalSection(SolutionConfigurationPlatforms) = preSolution
		Debug|Any CPU = Debug|Any CPU
		Release|Any CPU = Release|Any CPU
	EndGlobalSection
	GlobalSection(ProjectConfigurationPlatforms) = postSolution
		{BEA7024C-523D-4614-9B72-A35F3FBD4B0A}.Debug|Any CPU.ActiveCfg = Debug|Any CPU
		{BEA7024C-523D-4614-9B72-A35F3FBD4B0A}.Debug|Any CPU.Build.0 = Debug|Any CPU
		{BEA7024C-523D-4614-9B72-A35F3FBD4B0A}.Release|Any CPU.ActiveCfg = Release|Any CPU
		{BEA7024C-523D-4614-9B72-A35F3FBD4B0A}.Release|Any CPU.Build.0 = Release|Any CPU
		{477D2E48-9FFC-4D37-95FB-98953BE7E3EA}.Debug|Any CPU.ActiveCfg = Debug|Any CPU
		{477D2E48-9FFC-4D37-95FB-98953BE7E3EA}.Debug|Any CPU.Build.0 = Debug|Any CPU
		{477D2E48-9FFC-4D37-95FB-98953BE7E3EA}.Release|Any CPU.ActiveCfg = Release|Any CPU
		{477D2E48-9FFC-4D37-95FB-98953BE7E3EA}.Release|Any CPU.Build.0 = Release|Any CPU
		{C6EA1C47-FCFD-4D17-ADFC-7D58F12E6812}.Debug|Any CPU.ActiveCfg = Debug|Any CPU
		{C6EA1C47-FCFD-4D17-ADFC-7D58F12E6812}.Debug|Any CPU.Build.0 = Debug|Any CPU
		{C6EA1C47-FCFD-4D17-ADFC-7D58F12E6812}.Release|Any CPU.ActiveCfg = Release|Any CPU
		{C6EA1C47-FCFD-4D17-ADFC-7D58F12E6812}.Release|Any CPU.Build.0 = Release|Any CPU
	EndGlobalSection
	GlobalSection(SolutionProperties) = preSolution
		HideSolutionNode = FALSE
	EndGlobalSection
	GlobalSection(ExtensibilityGlobals) = postSolution
		SolutionGuid = {A397CA64-49A4-4113-B952-427982A34DE8}
	EndGlobalSection
EndGlobal
